<?xml version="1.0" encoding="utf-8"?>
<Project ToolsVersion="4.0" xmlns="http://schemas.microsoft.com/developer/msbuild/2003">
  <ItemGroup>
    <Filter Include="Config">
      <UniqueIdentifier>{f153a5aa-33cc-4179-a455-4040f28f07fa}</UniqueIdentifier>
    </Filter>
    <Filter Include="Main">
      <UniqueIdentifier>{de8ed9fd-51f6-40af-8806-e476261936ca}</UniqueIdentifier>
    </Filter>
    <Filter Include="Contents">
      <UniqueIdentifier>{0c06eca7-674b-43b9-8109-91f9ac367ad3}</UniqueIdentifier>
    </Filter>
    <Filter Include="Contents\TCPFighter">
      <UniqueIdentifier>{442c0ebb-edaf-4eeb-8023-9ab805ecff9e}</UniqueIdentifier>
    </Filter>
  </ItemGroup>
  <ItemGroup>
    <ClCompile Include="Main.cpp">
      <Filter>Main</Filter>
    </ClCompile>
    <ClCompile Include="MMOTCPServer_Single.cpp">
      <Filter>Contents\TCPFighter</Filter>
    </ClCompile>
  </ItemGroup>
  <ItemGroup>
    <ClInclude Include="MMOTCPServer_Single.h">
      <Filter>Contents\TCPFighter</Filter>
    </ClInclude>
    <ClInclude Include="PacketDefine.h">
      <Filter>Contents\TCPFighter</Filter>
    </ClInclude>
  </ItemGroup>
  <ItemGroup>
    <None Include="MMOTCPFighterThreadSetting.config">
      <Filter>Config</Filter>
    </None>
    <None Include="GameSetting.config">
      <Filter>Config</Filter>
    </None>
  </ItemGroup>
</Project>