<Solution>
  <Configurations>
    <Platform Name="x64" />
    <Platform Name="x86" />
  </Configurations>
  <Folder Name="/Libs/">
    <Project Path="libs/DKServerCore/DKServerCore.vcxproj" Id="f6b92a42-45df-4424-ba0e-80e35ee220c2" />
  </Folder>
  <Folder Name="/Servers/">
    <Project Path="Servers/IOCPSingleMMOTCPFighter/IOCPSingleMMOTCPFighter.vcxproj" />
    <Project Path="servers/LoginServer/LoginServer.vcxproj" Id="359906e2-91fd-4c0c-a926-faba619f1747" />
    <Project Path="Servers/MonitoringServer/MonitoringServer.vcxproj" />
    <Project Path="Servers/MultiChatServer/MultiChatServer.vcxproj" Id="79c6c9e3-ed21-48de-ac9a-7ca3e970b0e9" />
  </Folder>
</Solution>
