<?xml version="1.0" encoding="utf-8"?>
<Project ToolsVersion="4.0" xmlns="http://schemas.microsoft.com/developer/msbuild/2003">
  <ItemGroup>
    <Filter Include="Contents">
      <UniqueIdentifier>{4FC737F1-C7A5-4376-A066-2A32D752A2FF}</UniqueIdentifier>
      <Extensions>cpp;c;cc;cxx;c++;cppm;ixx;def;odl;idl;hpj;bat;asm;asmx</Extensions>
    </Filter>
  </ItemGroup>
  <ItemGroup>
    <ClCompile Include="MMOTCPFighterServer.cpp">
      <Filter>Contents</Filter>
    </ClCompile>
    <ClCompile Include="Network.cpp">
      <Filter>Contents</Filter>
    </ClCompile>
    <ClCompile Include="NetworkProxy.cpp">
      <Filter>Contents</Filter>
    </ClCompile>
    <ClCompile Include="NetworkStub.cpp">
      <Filter>Contents</Filter>
    </ClCompile>
    <ClCompile Include="Contents.cpp">
      <Filter>Contents</Filter>
    </ClCompile>
    <ClCompile Include="Character.h">
      <Filter>Contents</Filter>
    </ClCompile>
    <ClCompile Include="Sector.h">
      <Filter>Contents</Filter>
    </ClCompile>
  </ItemGroup>
  <ItemGroup>
    <ClInclude Include="NetworkProxy.h">
      <Filter>Contents</Filter>
    </ClInclude>
    <ClInclude Include="NetworkStub.h">
      <Filter>Contents</Filter>
    </ClInclude>
    <ClInclude Include="Contents.h">
      <Filter>Contents</Filter>
    </ClInclude>
    <ClInclude Include="PacketDefine.h">
      <Filter>Contents</Filter>
    </ClInclude>
    <ClInclude Include="Network.h">
      <Filter>Contents</Filter>
    </ClInclude>
    <ClInclude Include="Session.h">
      <Filter>Contents</Filter>
    </ClInclude>
  </ItemGroup>
</Project>