<?xml version="1.0" encoding="utf-8"?>
<Project ToolsVersion="4.0" xmlns="http://schemas.microsoft.com/developer/msbuild/2003">
  <ItemGroup>
    <Filter Include="Contents">
      <UniqueIdentifier>{4FC737F1-C7A5-4376-A066-2A32D752A2FF}</UniqueIdentifier>
      <Extensions>cpp;c;cc;cxx;c++;cppm;ixx;def;odl;idl;hpj;bat;asm;asmx</Extensions>
    </Filter>
    <Filter Include="Config">
      <UniqueIdentifier>{503ef281-1ac5-4f34-aaa0-26b4eed963aa}</UniqueIdentifier>
    </Filter>
    <Filter Include="Main">
      <UniqueIdentifier>{47543240-1d70-4d1e-bb82-ca1072fe14af}</UniqueIdentifier>
    </Filter>
    <Filter Include="SelectCore">
      <UniqueIdentifier>{facb351e-cca0-4013-833b-a246f9913d78}</UniqueIdentifier>
    </Filter>
  </ItemGroup>
  <ItemGroup>
    <ClCompile Include="Character.h">
      <Filter>Contents</Filter>
    </ClCompile>
    <ClCompile Include="Sector.h">
      <Filter>Contents</Filter>
    </ClCompile>
    <ClCompile Include="SelectMMOTCPFighter.cpp">
      <Filter>Contents</Filter>
    </ClCompile>
    <ClCompile Include="BasicSelectMMOTCPFighter.cpp">
      <Filter>Contents</Filter>
    </ClCompile>
    <ClCompile Include="Main.cpp">
      <Filter>Main</Filter>
    </ClCompile>
    <ClCompile Include="SelectServer.cpp">
      <Filter>SelectCore</Filter>
    </ClCompile>
    <ClCompile Include="SelectServerPQ.cpp">
      <Filter>SelectCore</Filter>
    </ClCompile>
  </ItemGroup>
  <ItemGroup>
    <ClInclude Include="PacketDefine.h">
      <Filter>Contents</Filter>
    </ClInclude>
    <ClInclude Include="BasicSelectMMOTCPFighter.h">
      <Filter>Contents</Filter>
    </ClInclude>
    <ClInclude Include="GameDefine.h">
      <Filter>Contents</Filter>
    </ClInclude>
    <ClInclude Include="SelectMMOTCPFighter.h">
      <Filter>Contents</Filter>
    </ClInclude>
    <ClInclude Include="SelectServer.h">
      <Filter>SelectCore</Filter>
    </ClInclude>
    <ClInclude Include="SelectServerPQ.h">
      <Filter>SelectCore</Filter>
    </ClInclude>
    <ClInclude Include="Session.h">
      <Filter>SelectCore</Filter>
    </ClInclude>
  </ItemGroup>
  <ItemGroup>
    <None Include="SelectMMOTCPFighter.config">
      <Filter>Config</Filter>
    </None>
  </ItemGroup>
</Project>