<?xml version="1.0" encoding="utf-8"?>
<Project ToolsVersion="4.0" xmlns="http://schemas.microsoft.com/developer/msbuild/2003">
  <ItemGroup>
    <Filter Include="Contents">
      <UniqueIdentifier>{4FC737F1-C7A5-4376-A066-2A32D752A2FF}</UniqueIdentifier>
      <Extensions>cpp;c;cc;cxx;c++;cppm;ixx;def;odl;idl;hpj;bat;asm;asmx</Extensions>
    </Filter>
  </ItemGroup>
  <ItemGroup>
    <ClCompile Include="Main.cpp">
      <Filter>Contents</Filter>
    </ClCompile>
    <ClCompile Include="Character.h">
      <Filter>Contents</Filter>
    </ClCompile>
    <ClCompile Include="Sector.h">
      <Filter>Contents</Filter>
    </ClCompile>
    <ClCompile Include="SelectServer.cpp">
      <Filter>Contents</Filter>
    </ClCompile>
    <ClCompile Include="SelectServerPQ.cpp">
      <Filter>Contents</Filter>
    </ClCompile>
    <ClCompile Include="SelectMMOTCPFighter.cpp">
      <Filter>Contents</Filter>
    </ClCompile>
    <ClCompile Include="BasicSelectMMOTCPFighter.cpp">
      <Filter>Contents</Filter>
    </ClCompile>
  </ItemGroup>
  <ItemGroup>
    <ClInclude Include="PacketDefine.h">
      <Filter>Contents</Filter>
    </ClInclude>
    <ClInclude Include="Session.h">
      <Filter>Contents</Filter>
    </ClInclude>
    <ClInclude Include="GameDefine.h" />
    <ClInclude Include="SelectServer.h" />
    <ClInclude Include="SelectServerPQ.h" />
    <ClInclude Include="SelectMMOTCPFighter.h" />
    <ClInclude Include="BasicSelectMMOTCPFighter.h">
      <Filter>Contents</Filter>
    </ClInclude>
  </ItemGroup>
</Project>