<?xml version="1.0" encoding="utf-8"?>
<Project ToolsVersion="4.0" xmlns="http://schemas.microsoft.com/developer/msbuild/2003">
  <ItemGroup>
    <Filter Include="Config">
      <UniqueIdentifier>{f153a5aa-33cc-4179-a455-4040f28f07fa}</UniqueIdentifier>
    </Filter>
    <Filter Include="Packet">
      <UniqueIdentifier>{da1150a8-900f-421d-9623-929e19cf6b05}</UniqueIdentifier>
    </Filter>
    <Filter Include="Main">
      <UniqueIdentifier>{de8ed9fd-51f6-40af-8806-e476261936ca}</UniqueIdentifier>
    </Filter>
    <Filter Include="NetworkLibrary">
      <UniqueIdentifier>{600b9448-cd1c-4021-b9a7-8c5669b43d8b}</UniqueIdentifier>
    </Filter>
    <Filter Include="Utils">
      <UniqueIdentifier>{4FC737F1-C7A5-4376-A066-2A32D752A2FF}</UniqueIdentifier>
      <Extensions>cpp;c;cc;cxx;c++;cppm;ixx;def;odl;idl;hpj;bat;asm;asmx</Extensions>
    </Filter>
    <Filter Include="Contents">
      <UniqueIdentifier>{0c06eca7-674b-43b9-8109-91f9ac367ad3}</UniqueIdentifier>
    </Filter>
    <Filter Include="Memory">
      <UniqueIdentifier>{67f3c125-82ee-4d17-aaa4-5f5015ebf0ab}</UniqueIdentifier>
    </Filter>
    <Filter Include="Monitoring">
      <UniqueIdentifier>{e5f50997-7ec2-436d-b5f5-81c94ea12228}</UniqueIdentifier>
    </Filter>
    <Filter Include="Group">
      <UniqueIdentifier>{a7145446-c58e-4e2b-96bb-a702505327ff}</UniqueIdentifier>
    </Filter>
  </ItemGroup>
  <ItemGroup>
    <ClCompile Include="Profiler.cpp">
      <Filter>Utils</Filter>
    </ClCompile>
    <ClCompile Include="ContentsCPacket.cpp">
      <Filter>Packet</Filter>
    </ClCompile>
    <ClCompile Include="CPacketQueue.cpp">
      <Filter>Packet</Filter>
    </ClCompile>
    <ClCompile Include="CPacket.cpp">
      <Filter>Packet</Filter>
    </ClCompile>
    <ClCompile Include="MyRingBuffer.cpp">
      <Filter>Packet</Filter>
    </ClCompile>
    <ClCompile Include="ContentsNetLibrary.cpp">
      <Filter>NetworkLibrary</Filter>
    </ClCompile>
    <ClCompile Include="GameEchoMain.cpp">
      <Filter>Main</Filter>
    </ClCompile>
    <ClCompile Include="CPUUsage.cpp">
      <Filter>Monitoring</Filter>
    </ClCompile>
    <ClCompile Include="ProcessMonitoring.cpp">
      <Filter>Monitoring</Filter>
    </ClCompile>
    <ClCompile Include="SystemMonitoring.cpp">
      <Filter>Monitoring</Filter>
    </ClCompile>
    <ClCompile Include="LanClient.cpp">
      <Filter>NetworkLibrary</Filter>
    </ClCompile>
    <ClCompile Include="GameMonitoringClient.cpp">
      <Filter>Monitoring</Filter>
    </ClCompile>
    <ClCompile Include="GameEchoServer.cpp">
      <Filter>Contents</Filter>
    </ClCompile>
    <ClCompile Include="ContentGroupBase.cpp">
      <Filter>Group</Filter>
    </ClCompile>
    <ClCompile Include="GameEchoServerGroup.cpp">
      <Filter>Group</Filter>
    </ClCompile>
    <ClCompile Include="GroupManager.cpp">
      <Filter>Group</Filter>
    </ClCompile>
    <ClCompile Include="MessageDataQueue.cpp">
      <Filter>Packet</Filter>
    </ClCompile>
    <ClCompile Include="SpinLock.cpp">
      <Filter>Utils</Filter>
    </ClCompile>
  </ItemGroup>
  <ItemGroup>
    <ClInclude Include="TLSObjectFreeList.h">
      <Filter>Memory</Filter>
    </ClInclude>
    <ClInclude Include="LockFreeObjectFreeList.h">
      <Filter>Memory</Filter>
    </ClInclude>
    <ClInclude Include="ContentsCPacket.h">
      <Filter>Packet</Filter>
    </ClInclude>
    <ClInclude Include="CPacketQueue.h">
      <Filter>Packet</Filter>
    </ClInclude>
    <ClInclude Include="CPacket.h">
      <Filter>Packet</Filter>
    </ClInclude>
    <ClInclude Include="MyRingBuffer.h">
      <Filter>Packet</Filter>
    </ClInclude>
    <ClInclude Include="Profiler.h">
      <Filter>Utils</Filter>
    </ClInclude>
    <ClInclude Include="CrashDump.h">
      <Filter>Utils</Filter>
    </ClInclude>
    <ClInclude Include="LockFreeQueueCas2.h">
      <Filter>Packet</Filter>
    </ClInclude>
    <ClInclude Include="ObjectFreeList.h">
      <Filter>Memory</Filter>
    </ClInclude>
    <ClInclude Include="ContentsNetLibrary.h">
      <Filter>NetworkLibrary</Filter>
    </ClInclude>
    <ClInclude Include="LockFreeQueue.h">
      <Filter>Packet</Filter>
    </ClInclude>
    <ClInclude Include="CPUUsage.h">
      <Filter>Monitoring</Filter>
    </ClInclude>
    <ClInclude Include="ProcessMonitoring.h">
      <Filter>Monitoring</Filter>
    </ClInclude>
    <ClInclude Include="SystemMonitoring.h">
      <Filter>Monitoring</Filter>
    </ClInclude>
    <ClInclude Include="CommonProtocol.h">
      <Filter>Contents</Filter>
    </ClInclude>
    <ClInclude Include="LanClient.h">
      <Filter>NetworkLibrary</Filter>
    </ClInclude>
    <ClInclude Include="GameMonitoringClient.h">
      <Filter>Monitoring</Filter>
    </ClInclude>
    <ClInclude Include="GameEchoServer.h">
      <Filter>Contents</Filter>
    </ClInclude>
    <ClInclude Include="ContentGroupBase.h">
      <Filter>Group</Filter>
    </ClInclude>
    <ClInclude Include="GameEchoServerGroup.h">
      <Filter>Group</Filter>
    </ClInclude>
    <ClInclude Include="GroupManager.h">
      <Filter>Group</Filter>
    </ClInclude>
    <ClInclude Include="MessageDataQueue.h">
      <Filter>Packet</Filter>
    </ClInclude>
    <ClInclude Include="SpinLock.h">
      <Filter>Utils</Filter>
    </ClInclude>
  </ItemGroup>
  <ItemGroup>
    <None Include="GameEchoServer.config">
      <Filter>Config</Filter>
    </None>
  </ItemGroup>
</Project>